
Microsoft Visual Studio Solution File, Format Version 12.00
# Visual Studio Version 17
VisualStudioVersion = 17.3.32922.545
MinimumVisualStudioVersion = 10.0.40219.1
Project("{FAE04EC0-301F-11D3-BF4B-00C04F79EFBC}") = "CrudUsuarios", "CrudUsuarios\CrudUsuarios.csproj", "{9E1B04E4-7454-4779-B3FF-976479B6AC3D}"
EndProject
Global
	GlobalSection(SolutionConfigurationPlatforms) = preSolution
		Debug|Any CPU = Debug|Any CPU
		Release|Any CPU = Release|Any CPU
	EndGlobalSection
	GlobalSection(ProjectConfigurationPlatforms) = postSolution
		{9E1B04E4-7454-4779-B3FF-976479B6AC3D}.Debug|Any CPU.ActiveCfg = Debug|Any CPU
		{9E1B04E4-7454-4779-B3FF-976479B6AC3D}.Debug|Any CPU.Build.0 = Debug|Any CPU
		{9E1B04E4-7454-4779-B3FF-976479B6AC3D}.Release|Any CPU.ActiveCfg = Release|Any CPU
		{9E1B04E4-7454-4779-B3FF-976479B6AC3D}.Release|Any CPU.Build.0 = Release|Any CPU
	EndGlobalSection
	GlobalSection(SolutionProperties) = preSolution
		HideSolutionNode = FALSE
	EndGlobalSection
	GlobalSection(ExtensibilityGlobals) = postSolution
		SolutionGuid = {026963CA-2225-4C96-A9F6-8A3FC9992A9D}
	EndGlobalSection
EndGlobal
